
Microsoft Visual Studio Solution File, Format Version 12.00
# Visual Studio Version 17
VisualStudioVersion = 17.13.35825.156 d17.13
MinimumVisualStudioVersion = 10.0.40219.1
Project("{FAE04EC0-301F-11D3-BF4B-00C04F79EFBC}") = "client", "client\client.csproj", "{8EB65C9A-C8E4-4832-BD9F-7655E903445A}"
EndProject
Global
	GlobalSection(SolutionConfigurationPlatforms) = preSolution
		Debug|Any CPU = Debug|Any CPU
		Release|Any CPU = Release|Any CPU
	EndGlobalSection
	GlobalSection(ProjectConfigurationPlatforms) = postSolution
		{8EB65C9A-C8E4-4832-BD9F-7655E903445A}.Debug|Any CPU.ActiveCfg = Debug|Any CPU
		{8EB65C9A-C8E4-4832-BD9F-7655E903445A}.Debug|Any CPU.Build.0 = Debug|Any CPU
		{8EB65C9A-C8E4-4832-BD9F-7655E903445A}.Release|Any CPU.ActiveCfg = Release|Any CPU
		{8EB65C9A-C8E4-4832-BD9F-7655E903445A}.Release|Any CPU.Build.0 = Release|Any CPU
	EndGlobalSection
	GlobalSection(SolutionProperties) = preSolution
		HideSolutionNode = FALSE
	EndGlobalSection
	GlobalSection(ExtensibilityGlobals) = postSolution
		SolutionGuid = {81006E6A-9225-44A8-83C0-61CCEE5553C6}
	EndGlobalSection
EndGlobal
